
Microsoft Visual Studio Solution File, Format Version 12.00
# Visual Studio Version 17
VisualStudioVersion = 17.4.33103.184
MinimumVisualStudioVersion = 10.0.40219.1
Project("{9A19103F-16F7-4668-BE54-9A1E7A4F7556}") = "SNBMovies", "SNBMovies\SNBMovies.csproj", "{A1532037-A888-4131-A3BE-83B473027D7A}"
EndProject
Global
	GlobalSection(SolutionConfigurationPlatforms) = preSolution
		Debug|Any CPU = Debug|Any CPU
		Release|Any CPU = Release|Any CPU
	EndGlobalSection
	GlobalSection(ProjectConfigurationPlatforms) = postSolution
		{A1532037-A888-4131-A3BE-83B473027D7A}.Debug|Any CPU.ActiveCfg = Debug|Any CPU
		{A1532037-A888-4131-A3BE-83B473027D7A}.Debug|Any CPU.Build.0 = Debug|Any CPU
		{A1532037-A888-4131-A3BE-83B473027D7A}.Release|Any CPU.ActiveCfg = Release|Any CPU
		{A1532037-A888-4131-A3BE-83B473027D7A}.Release|Any CPU.Build.0 = Release|Any CPU
	EndGlobalSection
	GlobalSection(SolutionProperties) = preSolution
		HideSolutionNode = FALSE
	EndGlobalSection
	GlobalSection(ExtensibilityGlobals) = postSolution
		SolutionGuid = {DFC23FB4-1F2D-40F4-B75A-3CF390848017}
	EndGlobalSection
EndGlobal
